// !$*UTF8*$!
{
	archiveVersion = 1;
	classes = {
	};
	objectVersion = 46;
	objects = {

/* Begin PBXBuildFile section */
		133F3E7017F21C8700A12635 /* MainNavController.m in Sources */ = {isa = PBXBuildFile; fileRef = 133F3E6F17F21C8700A12635 /* MainNavController.m */; };
		138FC9BB17F0813400D94C5F /* doom_wads.cpp in Sources */ = {isa = PBXBuildFile; fileRef = 138FC9B917F0813400D94C5F /* doom_wads.cpp */; };
		138FC9C917F216C300D94C5F /* base.iPack in Resources */ = {isa = PBXBuildFile; fileRef = 138FC9C617F2165D00D94C5F /* base.iPack */; };
		138FC9CB17F216C300D94C5F /* prboom.wad in Resources */ = {isa = PBXBuildFile; fileRef = 138FC9C817F2165D00D94C5F /* prboom.wad */; };
		13E3CC5F17F236840075D40A /* GameKit.framework in Frameworks */ = {isa = PBXBuildFile; fileRef = 13E3CC5E17F236840075D40A /* GameKit.framework */; };
		13E3CC6417F237B80075D40A /* FJ_76.png in Resources */ = {isa = PBXBuildFile; fileRef = 13E3CC6017F237B80075D40A /* FJ_76.png */; };
		13E3CC6517F237B80075D40A /* FJ_120.png in Resources */ = {isa = PBXBuildFile; fileRef = 13E3CC6117F237B80075D40A /* FJ_120.png */; };
		13E3CC6617F237B80075D40A /* FJ_144.png in Resources */ = {isa = PBXBuildFile; fileRef = 13E3CC6217F237B80075D40A /* FJ_144.png */; };
		13E3CC6717F237B80075D40A /* FJ_152.png in Resources */ = {isa = PBXBuildFile; fileRef = 13E3CC6317F237B80075D40A /* FJ_152.png */; };
		1D60589B0D05DD56006BFB54 /* main.m in Sources */ = {isa = PBXBuildFile; fileRef = 29B97316FDCFA39411CA2CEA /* main.m */; };
		3DF31FA3148C336400C66CD7 /* libdoomengine.a in Frameworks */ = {isa = PBXBuildFile; fileRef = 3DF31F8A148C30F100C66CD7 /* libdoomengine.a */; };
		4333CCE80F5CC23E00AE2B6F /* AudioToolbox.framework in Frameworks */ = {isa = PBXBuildFile; fileRef = 4333CCE70F5CC23E00AE2B6F /* AudioToolbox.framework */; };
		4364BF3F0F5CB25900F29317 /* dist.plist in Resources */ = {isa = PBXBuildFile; fileRef = 4364BF3E0F5CB25900F29317 /* dist.plist */; };
		43CF02FF0F56974E00E4A23D /* Default.png in Resources */ = {isa = PBXBuildFile; fileRef = 43CF02FE0F56974E00E4A23D /* Default.png */; };
		43E8D4E00F51B48B003F09B2 /* OpenAL.framework in Frameworks */ = {isa = PBXBuildFile; fileRef = 43E8D4DF0F51B48B003F09B2 /* OpenAL.framework */; };
		720EBBAE0F82E0BB003F989A /* QuartzCore.framework in Frameworks */ = {isa = PBXBuildFile; fileRef = 720EBBAD0F82E0BB003F989A /* QuartzCore.framework */; };
		C8012E5114B5122700B0E213 /* MainMenuViewController.mm in Sources */ = {isa = PBXBuildFile; fileRef = C8012E4F14B5122700B0E213 /* MainMenuViewController.mm */; };
		C8012E7414B646BD00B0E213 /* OpenGLView.xib in Resources */ = {isa = PBXBuildFile; fileRef = C8012E7214B646BD00B0E213 /* OpenGLView.xib */; };
		C8012E7814B649DB00B0E213 /* CreditsMenuViewController.mm in Sources */ = {isa = PBXBuildFile; fileRef = C8012E7614B649DA00B0E213 /* CreditsMenuViewController.mm */; };
		C8012E7914B649DB00B0E213 /* CreditsMenuView.xib in Resources */ = {isa = PBXBuildFile; fileRef = C8012E7714B649DA00B0E213 /* CreditsMenuView.xib */; };
		C8012E7D14B6704500B0E213 /* ControlsMenuViewController.mm in Sources */ = {isa = PBXBuildFile; fileRef = C8012E7B14B6704400B0E213 /* ControlsMenuViewController.mm */; };
		C8012E7E14B6704500B0E213 /* ControlsMenuView.xib in Resources */ = {isa = PBXBuildFile; fileRef = C8012E7C14B6704400B0E213 /* ControlsMenuView.xib */; };
		C8012E8214B6709C00B0E213 /* SettingsMenuViewController.mm in Sources */ = {isa = PBXBuildFile; fileRef = C8012E8014B6709B00B0E213 /* SettingsMenuViewController.mm */; };
		C8012E8314B6709C00B0E213 /* SettingsMenuView.xib in Resources */ = {isa = PBXBuildFile; fileRef = C8012E8114B6709C00B0E213 /* SettingsMenuView.xib */; };
		C8012E8714B6722B00B0E213 /* LegalMenuViewController.mm in Sources */ = {isa = PBXBuildFile; fileRef = C8012E8514B6722900B0E213 /* LegalMenuViewController.mm */; };
		C8012E8814B6722B00B0E213 /* LegalMenuView.xib in Resources */ = {isa = PBXBuildFile; fileRef = C8012E8614B6722A00B0E213 /* LegalMenuView.xib */; };
		C8139AB313FADA800094C2C0 /* SliderSkull@2x.png in Resources */ = {isa = PBXBuildFile; fileRef = C8139AB213FADA800094C2C0 /* SliderSkull@2x.png */; };
		C81E104C13E1CCA000B1049A /* BackButton.png in Resources */ = {isa = PBXBuildFile; fileRef = C81E104013E1CCA000B1049A /* BackButton.png */; };
		C81E104D13E1CCA000B1049A /* Button.png in Resources */ = {isa = PBXBuildFile; fileRef = C81E104113E1CCA000B1049A /* Button.png */; };
		C81E104F13E1CCA000B1049A /* Logo.png in Resources */ = {isa = PBXBuildFile; fileRef = C81E104313E1CCA000B1049A /* Logo.png */; };
		C81E105413E1CCA000B1049A /* MenuBackground.png in Resources */ = {isa = PBXBuildFile; fileRef = C81E104813E1CCA000B1049A /* MenuBackground.png */; };
		C86CA86414B4FF2B0057FF54 /* Doom_App.m in Sources */ = {isa = PBXBuildFile; fileRef = C86CA86314B4FF2B0057FF54 /* Doom_App.m */; };
		C8792ED813F5AFE5003D834F /* BackButton_Highlighted.png in Resources */ = {isa = PBXBuildFile; fileRef = C8792ED113F5AFE5003D834F /* BackButton_Highlighted.png */; };
		C8792ED913F5AFE6003D834F /* Button_Highlighted.png in Resources */ = {isa = PBXBuildFile; fileRef = C8792ED213F5AFE5003D834F /* Button_Highlighted.png */; };
		C8792EDA13F5AFE6003D834F /* NextButton_Highlighted.png in Resources */ = {isa = PBXBuildFile; fileRef = C8792ED313F5AFE5003D834F /* NextButton_Highlighted.png */; };
		C8792EDB13F5AFE6003D834F /* NextButton.png in Resources */ = {isa = PBXBuildFile; fileRef = C8792ED413F5AFE5003D834F /* NextButton.png */; };
		C8792EDD13F5AFE6003D834F /* SubMenuButton_Highlighted.png in Resources */ = {isa = PBXBuildFile; fileRef = C8792ED613F5AFE5003D834F /* SubMenuButton_Highlighted.png */; };
		C8792EDE13F5AFE6003D834F /* SubMenuButton.png in Resources */ = {isa = PBXBuildFile; fileRef = C8792ED713F5AFE5003D834F /* SubMenuButton.png */; };
		C87931EC13F610B9003D834F /* AdvancedButton_Highlighted.png in Resources */ = {isa = PBXBuildFile; fileRef = C87931DE13F610B9003D834F /* AdvancedButton_Highlighted.png */; };
		C87931ED13F610B9003D834F /* AdvancedButton.png in Resources */ = {isa = PBXBuildFile; fileRef = C87931DF13F610B9003D834F /* AdvancedButton.png */; };
		C87931EE13F610B9003D834F /* Divide.png in Resources */ = {isa = PBXBuildFile; fileRef = C87931E013F610B9003D834F /* Divide.png */; };
		C87931EF13F610B9003D834F /* LayoutDualButton_Highlighted.png in Resources */ = {isa = PBXBuildFile; fileRef = C87931E113F610B9003D834F /* LayoutDualButton_Highlighted.png */; };
		C87931F013F610B9003D834F /* LayoutDualButton.png in Resources */ = {isa = PBXBuildFile; fileRef = C87931E213F610B9003D834F /* LayoutDualButton.png */; };
		C87931F113F610B9003D834F /* LayoutSingleButton_Highlighted.png in Resources */ = {isa = PBXBuildFile; fileRef = C87931E313F610B9003D834F /* LayoutSingleButton_Highlighted.png */; };
		C87931F213F610B9003D834F /* LayoutSingleButton.png in Resources */ = {isa = PBXBuildFile; fileRef = C87931E413F610B9003D834F /* LayoutSingleButton.png */; };
		C87931F313F610B9003D834F /* LayoutWheelButton_Highlighted.png in Resources */ = {isa = PBXBuildFile; fileRef = C87931E513F610B9003D834F /* LayoutWheelButton_Highlighted.png */; };
		C87931F413F610B9003D834F /* LayoutWheelButton.png in Resources */ = {isa = PBXBuildFile; fileRef = C87931E613F610B9003D834F /* LayoutWheelButton.png */; };
		C87931F513F610B9003D834F /* SettingsButton_Highlighted.png in Resources */ = {isa = PBXBuildFile; fileRef = C87931E713F610B9003D834F /* SettingsButton_Highlighted.png */; };
		C87931F613F610B9003D834F /* SettingsButton.png in Resources */ = {isa = PBXBuildFile; fileRef = C87931E813F610B9003D834F /* SettingsButton.png */; };
		C87931F913F610B9003D834F /* SliderSkull.png in Resources */ = {isa = PBXBuildFile; fileRef = C87931EB13F610B9003D834F /* SliderSkull.png */; };
		C8D1CF6813DE1EB600F0EAC6 /* FJ_57.png in Resources */ = {isa = PBXBuildFile; fileRef = C8D1CF6713DE1EB600F0EAC6 /* FJ_57.png */; };
		C8D1CF6A13DE1EF500F0EAC6 /* FJ_114.png in Resources */ = {isa = PBXBuildFile; fileRef = C8D1CF6913DE1EF500F0EAC6 /* FJ_114.png */; };
		C8D1CF6C13DE1F0600F0EAC6 /* FJ_72.png in Resources */ = {isa = PBXBuildFile; fileRef = C8D1CF6B13DE1F0600F0EAC6 /* FJ_72.png */; };
		C8D1CF8613DF792D00F0EAC6 /* Default@2x.png in Resources */ = {isa = PBXBuildFile; fileRef = C8D1CF8513DF792D00F0EAC6 /* Default@2x.png */; };
		D080FADD1FC0BCB000E71FF7 /* libprboom.a in Frameworks */ = {isa = PBXBuildFile; fileRef = D080FADE1FC0BCB000E71FF7 /* libprboom.a */; };
		D080FADF1FC0BCB800E71FF7 /* libidmobilelib.a in Frameworks */ = {isa = PBXBuildFile; fileRef = D080FAE01FC0BCB800E71FF7 /* libidmobilelib.a */; };
		D08D084F1FC3E293003F09CB /* AVFoundation.framework in Frameworks */ = {isa = PBXBuildFile; fileRef = D080FAE11FC15A7B00E71FF7 /* AVFoundation.framework */; };
		D094D010219D32E2001FDB3A /* SliderBackground.png in Resources */ = {isa = PBXBuildFile; fileRef = D094D00F219D32E1001FDB3A /* SliderBackground.png */; };
		D0C9049D2199427700FDC81A /* Images.xcassets in Resources */ = {isa = PBXBuildFile; fileRef = D0C9049C2199427700FDC81A /* Images.xcassets */; };
		D0C9049F21994D9F00FDC81A /* GALS.otf in Resources */ = {isa = PBXBuildFile; fileRef = D0C9049E21994D9F00FDC81A /* GALS.otf */; };
		D0C904A3219951DF00FDC81A /* Launch Screen.storyboard in Resources */ = {isa = PBXBuildFile; fileRef = D0C904A2219951DF00FDC81A /* Launch Screen.storyboard */; };
		D0D75343218E287000EB569E /* MainMenuView.xib in Resources */ = {isa = PBXBuildFile; fileRef = D0D75345218E287000EB569E /* MainMenuView.xib */; };
		EDD2760511C2B19E004A9B9B /* CoreGraphics.framework in Frameworks */ = {isa = PBXBuildFile; fileRef = EDD2760411C2B19E004A9B9B /* CoreGraphics.framework */; };
		EDD2760711C2B19E004A9B9B /* Foundation.framework in Frameworks */ = {isa = PBXBuildFile; fileRef = EDD2760611C2B19E004A9B9B /* Foundation.framework */; };
		EDD2760911C2B19E004A9B9B /* OpenGLES.framework in Frameworks */ = {isa = PBXBuildFile; fileRef = EDD2760811C2B19E004A9B9B /* OpenGLES.framework */; };
		EDD2760B11C2B19E004A9B9B /* UIKit.framework in Frameworks */ = {isa = PBXBuildFile; fileRef = EDD2760A11C2B19E004A9B9B /* UIKit.framework */; };
/* End PBXBuildFile section */

/* Begin PBXContainerItemProxy section */
		3DACFC1B148C591500EB17BA /* PBXContainerItemProxy */ = {
			isa = PBXContainerItemProxy;
			containerPortal = 3DF31F85148C30F100C66CD7 /* doomengine.xcodeproj */;
			proxyType = 1;
			remoteGlobalIDString = 3DE694381489AFDE0049CAA4;
			remoteInfo = doomengine;
		};
		3DF31F89148C30F100C66CD7 /* PBXContainerItemProxy */ = {
			isa = PBXContainerItemProxy;
			containerPortal = 3DF31F85148C30F100C66CD7 /* doomengine.xcodeproj */;
			proxyType = 2;
			remoteGlobalIDString = 3DE694391489AFDE0049CAA4;
			remoteInfo = doomengine;
		};
/* End PBXContainerItemProxy section */

/* Begin PBXFileReference section */
		133F3E6E17F21C8700A12635 /* MainNavController.h */ = {isa = PBXFileReference; fileEncoding = 4; lastKnownFileType = sourcecode.c.h; path = MainNavController.h; sourceTree = "<group>"; };
		133F3E6F17F21C8700A12635 /* MainNavController.m */ = {isa = PBXFileReference; fileEncoding = 4; lastKnownFileType = sourcecode.c.objc; path = MainNavController.m; sourceTree = "<group>"; };
		138FC9B917F0813400D94C5F /* doom_wads.cpp */ = {isa = PBXFileReference; fileEncoding = 4; lastKnownFileType = sourcecode.cpp.cpp; path = doom_wads.cpp; sourceTree = "<group>"; };
		138FC9BA17F0813400D94C5F /* doom_wads.h */ = {isa = PBXFileReference; fileEncoding = 4; lastKnownFileType = sourcecode.c.h; path = doom_wads.h; sourceTree = "<group>"; };
		138FC9C617F2165D00D94C5F /* base.iPack */ = {isa = PBXFileReference; lastKnownFileType = file; name = base.iPack; path = ../../base/base.iPack; sourceTree = "<group>"; };
		138FC9C817F2165D00D94C5F /* prboom.wad */ = {isa = PBXFileReference; lastKnownFileType = file; name = prboom.wad; path = ../../base/prboom.wad; sourceTree = "<group>"; };
		1391CE141882E5A30049671C /* libidmobilelib.a */ = {isa = PBXFileReference; lastKnownFileType = archive.ar; name = libidmobilelib.a; path = "../../../../DerivedData/Build/Products/Debug-iphoneos/libidmobilelib.a"; sourceTree = "<group>"; };
		1391CE161882E5F40049671C /* libprboom.a */ = {isa = PBXFileReference; lastKnownFileType = archive.ar; name = libprboom.a; path = "../../../../DerivedData/Build/Products/Debug-iphoneos/libprboom.a"; sourceTree = "<group>"; };
		13E3CC5E17F236840075D40A /* GameKit.framework */ = {isa = PBXFileReference; lastKnownFileType = wrapper.framework; name = GameKit.framework; path = System/Library/Frameworks/GameKit.framework; sourceTree = SDKROOT; };
		13E3CC6017F237B80075D40A /* FJ_76.png */ = {isa = PBXFileReference; lastKnownFileType = image.png; path = FJ_76.png; sourceTree = "<group>"; };
		13E3CC6117F237B80075D40A /* FJ_120.png */ = {isa = PBXFileReference; lastKnownFileType = image.png; path = FJ_120.png; sourceTree = "<group>"; };
		13E3CC6217F237B80075D40A /* FJ_144.png */ = {isa = PBXFileReference; lastKnownFileType = image.png; path = FJ_144.png; sourceTree = "<group>"; };
		13E3CC6317F237B80075D40A /* FJ_152.png */ = {isa = PBXFileReference; lastKnownFileType = image.png; path = FJ_152.png; sourceTree = "<group>"; };
		1D6058910D05DD3D006BFB54 /* Final Judgment.app */ = {isa = PBXFileReference; explicitFileType = wrapper.application; includeInIndex = 0; path = "Final Judgment.app"; sourceTree = BUILT_PRODUCTS_DIR; };
		29B97316FDCFA39411CA2CEA /* main.m */ = {isa = PBXFileReference; fileEncoding = 4; lastKnownFileType = sourcecode.c.objc; path = main.m; sourceTree = "<group>"; };
		3DF31F85148C30F100C66CD7 /* doomengine.xcodeproj */ = {isa = PBXFileReference; lastKnownFileType = "wrapper.pb-project"; name = doomengine.xcodeproj; path = ../../../common/ios/doomengine.xcodeproj; sourceTree = "<group>"; };
		4333CCE70F5CC23E00AE2B6F /* AudioToolbox.framework */ = {isa = PBXFileReference; lastKnownFileType = wrapper.framework; name = AudioToolbox.framework; path = /System/Library/Frameworks/AudioToolbox.framework; sourceTree = "<absolute>"; };
		434669A30F8D08C000EA7D6D /* doom_Prefix.pch */ = {isa = PBXFileReference; fileEncoding = 4; lastKnownFileType = sourcecode.c.h; path = doom_Prefix.pch; sourceTree = "<group>"; };
		4364BF3E0F5CB25900F29317 /* dist.plist */ = {isa = PBXFileReference; fileEncoding = 4; lastKnownFileType = text.plist.xml; path = dist.plist; sourceTree = "<group>"; };
		43CF02FE0F56974E00E4A23D /* Default.png */ = {isa = PBXFileReference; lastKnownFileType = image.png; path = Default.png; sourceTree = "<group>"; };
		43E8D4DF0F51B48B003F09B2 /* OpenAL.framework */ = {isa = PBXFileReference; lastKnownFileType = wrapper.framework; name = OpenAL.framework; path = /System/Library/Frameworks/OpenAL.framework; sourceTree = "<absolute>"; };
		720EBBAD0F82E0BB003F989A /* QuartzCore.framework */ = {isa = PBXFileReference; lastKnownFileType = wrapper.framework; name = QuartzCore.framework; path = /System/Library/Frameworks/QuartzCore.framework; sourceTree = "<absolute>"; };
		8D1107310486CEB800E47090 /* Info.plist */ = {isa = PBXFileReference; fileEncoding = 4; lastKnownFileType = text.plist.xml; path = Info.plist; sourceTree = "<group>"; };
		C8012E4E14B5122700B0E213 /* MainMenuViewController.h */ = {isa = PBXFileReference; fileEncoding = 4; lastKnownFileType = sourcecode.c.h; path = MainMenuViewController.h; sourceTree = "<group>"; };
		C8012E4F14B5122700B0E213 /* MainMenuViewController.mm */ = {isa = PBXFileReference; fileEncoding = 4; lastKnownFileType = sourcecode.cpp.objcpp; path = MainMenuViewController.mm; sourceTree = "<group>"; };
		C8012E7214B646BD00B0E213 /* OpenGLView.xib */ = {isa = PBXFileReference; fileEncoding = 4; lastKnownFileType = file.xib; path = OpenGLView.xib; sourceTree = "<group>"; };
		C8012E7514B649D900B0E213 /* CreditsMenuViewController.h */ = {isa = PBXFileReference; fileEncoding = 4; lastKnownFileType = sourcecode.c.h; path = CreditsMenuViewController.h; sourceTree = "<group>"; };
		C8012E7614B649DA00B0E213 /* CreditsMenuViewController.mm */ = {isa = PBXFileReference; fileEncoding = 4; lastKnownFileType = sourcecode.cpp.objcpp; path = CreditsMenuViewController.mm; sourceTree = "<group>"; };
		C8012E7714B649DA00B0E213 /* CreditsMenuView.xib */ = {isa = PBXFileReference; fileEncoding = 4; lastKnownFileType = file.xib; path = CreditsMenuView.xib; sourceTree = "<group>"; };
		C8012E7A14B6704300B0E213 /* ControlsMenuViewController.h */ = {isa = PBXFileReference; fileEncoding = 4; lastKnownFileType = sourcecode.c.h; path = ControlsMenuViewController.h; sourceTree = "<group>"; };
		C8012E7B14B6704400B0E213 /* ControlsMenuViewController.mm */ = {isa = PBXFileReference; fileEncoding = 4; lastKnownFileType = sourcecode.cpp.objcpp; path = ControlsMenuViewController.mm; sourceTree = "<group>"; };
		C8012E7C14B6704400B0E213 /* ControlsMenuView.xib */ = {isa = PBXFileReference; fileEncoding = 4; lastKnownFileType = file.xib; path = ControlsMenuView.xib; sourceTree = "<group>"; };
		C8012E7F14B6709B00B0E213 /* SettingsMenuViewController.h */ = {isa = PBXFileReference; fileEncoding = 4; lastKnownFileType = sourcecode.c.h; path = SettingsMenuViewController.h; sourceTree = "<group>"; };
		C8012E8014B6709B00B0E213 /* SettingsMenuViewController.mm */ = {isa = PBXFileReference; fileEncoding = 4; lastKnownFileType = sourcecode.cpp.objcpp; path = SettingsMenuViewController.mm; sourceTree = "<group>"; };
		C8012E8114B6709C00B0E213 /* SettingsMenuView.xib */ = {isa = PBXFileReference; fileEncoding = 4; lastKnownFileType = file.xib; path = SettingsMenuView.xib; sourceTree = "<group>"; };
		C8012E8414B6722800B0E213 /* LegalMenuViewController.h */ = {isa = PBXFileReference; fileEncoding = 4; lastKnownFileType = sourcecode.c.h; path = LegalMenuViewController.h; sourceTree = "<group>"; };
		C8012E8514B6722900B0E213 /* LegalMenuViewController.mm */ = {isa = PBXFileReference; fileEncoding = 4; lastKnownFileType = sourcecode.cpp.objcpp; path = LegalMenuViewController.mm; sourceTree = "<group>"; };
		C8012E8614B6722A00B0E213 /* LegalMenuView.xib */ = {isa = PBXFileReference; fileEncoding = 4; lastKnownFileType = file.xib; path = LegalMenuView.xib; sourceTree = "<group>"; };
		C8139AB213FADA800094C2C0 /* SliderSkull@2x.png */ = {isa = PBXFileReference; lastKnownFileType = image.png; name = "SliderSkull@2x.png"; path = "../../IB Images/SliderSkull@2x.png"; sourceTree = SOURCE_ROOT; };
		C81E104013E1CCA000B1049A /* BackButton.png */ = {isa = PBXFileReference; lastKnownFileType = image.png; name = BackButton.png; path = "../../IB Images/BackButton.png"; sourceTree = SOURCE_ROOT; };
		C81E104113E1CCA000B1049A /* Button.png */ = {isa = PBXFileReference; lastKnownFileType = image.png; name = Button.png; path = "../../IB Images/Button.png"; sourceTree = SOURCE_ROOT; };
		C81E104313E1CCA000B1049A /* Logo.png */ = {isa = PBXFileReference; lastKnownFileType = image.png; name = Logo.png; path = "../../IB Images/Logo.png"; sourceTree = SOURCE_ROOT; };
		C81E104813E1CCA000B1049A /* MenuBackground.png */ = {isa = PBXFileReference; lastKnownFileType = image.png; name = MenuBackground.png; path = "../../IB Images/MenuBackground.png"; sourceTree = SOURCE_ROOT; };
		C86CA86214B4FF2B0057FF54 /* Doom_App.h */ = {isa = PBXFileReference; fileEncoding = 4; lastKnownFileType = sourcecode.c.h; path = Doom_App.h; sourceTree = "<group>"; };
		C86CA86314B4FF2B0057FF54 /* Doom_App.m */ = {isa = PBXFileReference; fileEncoding = 4; lastKnownFileType = sourcecode.c.objc; path = Doom_App.m; sourceTree = "<group>"; };
		C8792ED113F5AFE5003D834F /* BackButton_Highlighted.png */ = {isa = PBXFileReference; lastKnownFileType = image.png; name = BackButton_Highlighted.png; path = "../../IB Images/BackButton_Highlighted.png"; sourceTree = SOURCE_ROOT; };
		C8792ED213F5AFE5003D834F /* Button_Highlighted.png */ = {isa = PBXFileReference; lastKnownFileType = image.png; name = Button_Highlighted.png; path = "../../IB Images/Button_Highlighted.png"; sourceTree = SOURCE_ROOT; };
		C8792ED313F5AFE5003D834F /* NextButton_Highlighted.png */ = {isa = PBXFileReference; lastKnownFileType = image.png; name = NextButton_Highlighted.png; path = "../../IB Images/NextButton_Highlighted.png"; sourceTree = SOURCE_ROOT; };
		C8792ED413F5AFE5003D834F /* NextButton.png */ = {isa = PBXFileReference; lastKnownFileType = image.png; name = NextButton.png; path = "../../IB Images/NextButton.png"; sourceTree = SOURCE_ROOT; };
		C8792ED613F5AFE5003D834F /* SubMenuButton_Highlighted.png */ = {isa = PBXFileReference; lastKnownFileType = image.png; name = SubMenuButton_Highlighted.png; path = "../../IB Images/SubMenuButton_Highlighted.png"; sourceTree = SOURCE_ROOT; };
		C8792ED713F5AFE5003D834F /* SubMenuButton.png */ = {isa = PBXFileReference; lastKnownFileType = image.png; name = SubMenuButton.png; path = "../../IB Images/SubMenuButton.png"; sourceTree = SOURCE_ROOT; };
		C87931DE13F610B9003D834F /* AdvancedButton_Highlighted.png */ = {isa = PBXFileReference; lastKnownFileType = image.png; name = AdvancedButton_Highlighted.png; path = "../../IB Images/AdvancedButton_Highlighted.png"; sourceTree = SOURCE_ROOT; };
		C87931DF13F610B9003D834F /* AdvancedButton.png */ = {isa = PBXFileReference; lastKnownFileType = image.png; name = AdvancedButton.png; path = "../../IB Images/AdvancedButton.png"; sourceTree = SOURCE_ROOT; };
		C87931E013F610B9003D834F /* Divide.png */ = {isa = PBXFileReference; lastKnownFileType = image.png; name = Divide.png; path = "../../IB Images/Divide.png"; sourceTree = SOURCE_ROOT; };
		C87931E113F610B9003D834F /* LayoutDualButton_Highlighted.png */ = {isa = PBXFileReference; lastKnownFileType = image.png; name = LayoutDualButton_Highlighted.png; path = "../../IB Images/LayoutDualButton_Highlighted.png"; sourceTree = SOURCE_ROOT; };
		C87931E213F610B9003D834F /* LayoutDualButton.png */ = {isa = PBXFileReference; lastKnownFileType = image.png; name = LayoutDualButton.png; path = "../../IB Images/LayoutDualButton.png"; sourceTree = SOURCE_ROOT; };
		C87931E313F610B9003D834F /* LayoutSingleButton_Highlighted.png */ = {isa = PBXFileReference; lastKnownFileType = image.png; name = LayoutSingleButton_Highlighted.png; path = "../../IB Images/LayoutSingleButton_Highlighted.png"; sourceTree = SOURCE_ROOT; };
		C87931E413F610B9003D834F /* LayoutSingleButton.png */ = {isa = PBXFileReference; lastKnownFileType = image.png; name = LayoutSingleButton.png; path = "../../IB Images/LayoutSingleButton.png"; sourceTree = SOURCE_ROOT; };
		C87931E513F610B9003D834F /* LayoutWheelButton_Highlighted.png */ = {isa = PBXFileReference; lastKnownFileType = image.png; name = LayoutWheelButton_Highlighted.png; path = "../../IB Images/LayoutWheelButton_Highlighted.png"; sourceTree = SOURCE_ROOT; };
		C87931E613F610B9003D834F /* LayoutWheelButton.png */ = {isa = PBXFileReference; lastKnownFileType = image.png; name = LayoutWheelButton.png; path = "../../IB Images/LayoutWheelButton.png"; sourceTree = SOURCE_ROOT; };
		C87931E713F610B9003D834F /* SettingsButton_Highlighted.png */ = {isa = PBXFileReference; lastKnownFileType = image.png; name = SettingsButton_Highlighted.png; path = "../../IB Images/SettingsButton_Highlighted.png"; sourceTree = SOURCE_ROOT; };
		C87931E813F610B9003D834F /* SettingsButton.png */ = {isa = PBXFileReference; lastKnownFileType = image.png; name = SettingsButton.png; path = "../../IB Images/SettingsButton.png"; sourceTree = SOURCE_ROOT; };
		C87931EB13F610B9003D834F /* SliderSkull.png */ = {isa = PBXFileReference; lastKnownFileType = image.png; name = SliderSkull.png; path = "../../IB Images/SliderSkull.png"; sourceTree = SOURCE_ROOT; };
		C8D1CF6713DE1EB600F0EAC6 /* FJ_57.png */ = {isa = PBXFileReference; lastKnownFileType = image.png; path = FJ_57.png; sourceTree = "<group>"; };
		C8D1CF6913DE1EF500F0EAC6 /* FJ_114.png */ = {isa = PBXFileReference; lastKnownFileType = image.png; path = FJ_114.png; sourceTree = "<group>"; };
		C8D1CF6B13DE1F0600F0EAC6 /* FJ_72.png */ = {isa = PBXFileReference; lastKnownFileType = image.png; path = FJ_72.png; sourceTree = "<group>"; };
		C8D1CF8513DF792D00F0EAC6 /* Default@2x.png */ = {isa = PBXFileReference; lastKnownFileType = image.png; path = "Default@2x.png"; sourceTree = "<group>"; };
		D04A158D21C3491D00697901 /* freedoom.wad */ = {isa = PBXFileReference; lastKnownFileType = file; path = freedoom.wad; sourceTree = "<group>"; };
		D04A158E21C3491D00697901 /* freedoom2.wad */ = {isa = PBXFileReference; lastKnownFileType = file; path = freedoom2.wad; sourceTree = "<group>"; };
		D080FADE1FC0BCB000E71FF7 /* libprboom.a */ = {isa = PBXFileReference; explicitFileType = archive.ar; path = libprboom.a; sourceTree = BUILT_PRODUCTS_DIR; };
		D080FAE01FC0BCB800E71FF7 /* libidmobilelib.a */ = {isa = PBXFileReference; explicitFileType = archive.ar; path = libidmobilelib.a; sourceTree = BUILT_PRODUCTS_DIR; };
		D080FAE11FC15A7B00E71FF7 /* AVFoundation.framework */ = {isa = PBXFileReference; lastKnownFileType = wrapper.framework; name = AVFoundation.framework; path = System/Library/Frameworks/AVFoundation.framework; sourceTree = SDKROOT; };
		D094D00F219D32E1001FDB3A /* SliderBackground.png */ = {isa = PBXFileReference; lastKnownFileType = image.png; path = SliderBackground.png; sourceTree = "<group>"; };
		D0C9049C2199427700FDC81A /* Images.xcassets */ = {isa = PBXFileReference; lastKnownFileType = folder.assetcatalog; name = Images.xcassets; path = "Final Judgment/Images.xcassets"; sourceTree = "<group>"; };
		D0C9049E21994D9F00FDC81A /* GALS.otf */ = {isa = PBXFileReference; lastKnownFileType = file; path = GALS.otf; sourceTree = "<group>"; };
		D0C904A2219951DF00FDC81A /* Launch Screen.storyboard */ = {isa = PBXFileReference; lastKnownFileType = file.storyboard; path = "Launch Screen.storyboard"; sourceTree = "<group>"; };
		D0D75344218E287000EB569E /* en */ = {isa = PBXFileReference; lastKnownFileType = file.xib; name = en; path = en.lproj/MainMenuView.xib; sourceTree = "<group>"; };
		EDD2760411C2B19E004A9B9B /* CoreGraphics.framework */ = {isa = PBXFileReference; lastKnownFileType = wrapper.framework; name = CoreGraphics.framework; path = System/Library/Frameworks/CoreGraphics.framework; sourceTree = SDKROOT; };
		EDD2760611C2B19E004A9B9B /* Foundation.framework */ = {isa = PBXFileReference; lastKnownFileType = wrapper.framework; name = Foundation.framework; path = System/Library/Frameworks/Foundation.framework; sourceTree = SDKROOT; };
		EDD2760811C2B19E004A9B9B /* OpenGLES.framework */ = {isa = PBXFileReference; lastKnownFileType = wrapper.framework; name = OpenGLES.framework; path = System/Library/Frameworks/OpenGLES.framework; sourceTree = SDKROOT; };
		EDD2760A11C2B19E004A9B9B /* UIKit.framework */ = {isa = PBXFileReference; lastKnownFileType = wrapper.framework; name = UIKit.framework; path = System/Library/Frameworks/UIKit.framework; sourceTree = SDKROOT; };
/* End PBXFileReference section */

/* Begin PBXFrameworksBuildPhase section */
		1D60588F0D05DD3D006BFB54 /* Frameworks */ = {
			isa = PBXFrameworksBuildPhase;
			buildActionMask = 2147483647;
			files = (
				D080FADD1FC0BCB000E71FF7 /* libprboom.a in Frameworks */,
				D080FADF1FC0BCB800E71FF7 /* libidmobilelib.a in Frameworks */,
				13E3CC5F17F236840075D40A /* GameKit.framework in Frameworks */,
				3DF31FA3148C336400C66CD7 /* libdoomengine.a in Frameworks */,
				43E8D4E00F51B48B003F09B2 /* OpenAL.framework in Frameworks */,
				4333CCE80F5CC23E00AE2B6F /* AudioToolbox.framework in Frameworks */,
				D08D084F1FC3E293003F09CB /* AVFoundation.framework in Frameworks */,
				720EBBAE0F82E0BB003F989A /* QuartzCore.framework in Frameworks */,
				EDD2760511C2B19E004A9B9B /* CoreGraphics.framework in Frameworks */,
				EDD2760711C2B19E004A9B9B /* Foundation.framework in Frameworks */,
				EDD2760911C2B19E004A9B9B /* OpenGLES.framework in Frameworks */,
				EDD2760B11C2B19E004A9B9B /* UIKit.framework in Frameworks */,
			);
			runOnlyForDeploymentPostprocessing = 0;
		};
/* End PBXFrameworksBuildPhase section */

/* Begin PBXGroup section */
		19C28FACFE9D520D11CA2CBB /* Products */ = {
			isa = PBXGroup;
			children = (
				1D6058910D05DD3D006BFB54 /* Final Judgment.app */,
				4364BF3E0F5CB25900F29317 /* dist.plist */,
			);
			name = Products;
			sourceTree = "<group>";
		};
		29B97314FDCFA39411CA2CEA /* CustomTemplate */ = {
			isa = PBXGroup;
			children = (
				D0C9049C2199427700FDC81A /* Images.xcassets */,
				3DF31F85148C30F100C66CD7 /* doomengine.xcodeproj */,
				29B97315FDCFA39411CA2CEA /* Source */,
				29B97317FDCFA39411CA2CEA /* App Resources */,
				29B97323FDCFA39411CA2CEA /* Frameworks */,
				19C28FACFE9D520D11CA2CBB /* Products */,
			);
			name = CustomTemplate;
			sourceTree = "<group>";
		};
		29B97315FDCFA39411CA2CEA /* Source */ = {
			isa = PBXGroup;
			children = (
				C86CA85E14B4F5CC0057FF54 /* Doom */,
				C86F965213D615BB0069B7B6 /* Interface Builder */,
			);
			name = Source;
			sourceTree = "<group>";
		};
		29B97317FDCFA39411CA2CEA /* App Resources */ = {
			isa = PBXGroup;
			children = (
				138FC9C617F2165D00D94C5F /* base.iPack */,
				D04A158D21C3491D00697901 /* freedoom.wad */,
				D04A158E21C3491D00697901 /* freedoom2.wad */,
				138FC9C817F2165D00D94C5F /* prboom.wad */,
				C86CA86714B502C90057FF54 /* Icons & Defaults */,
				C86CA86114B4FD230057FF54 /* Menus */,
				C84F820613D73D28006D01AB /* Images */,
				D0C9049E21994D9F00FDC81A /* GALS.otf */,
				43CF02FE0F56974E00E4A23D /* Default.png */,
				8D1107310486CEB800E47090 /* Info.plist */,
			);
			name = "App Resources";
			sourceTree = "<group>";
		};
		29B97323FDCFA39411CA2CEA /* Frameworks */ = {
			isa = PBXGroup;
			children = (
				D080FAE11FC15A7B00E71FF7 /* AVFoundation.framework */,
				D080FAE01FC0BCB800E71FF7 /* libidmobilelib.a */,
				D080FADE1FC0BCB000E71FF7 /* libprboom.a */,
				1391CE161882E5F40049671C /* libprboom.a */,
				1391CE141882E5A30049671C /* libidmobilelib.a */,
				13E3CC5E17F236840075D40A /* GameKit.framework */,
				4333CCE70F5CC23E00AE2B6F /* AudioToolbox.framework */,
				EDD2760411C2B19E004A9B9B /* CoreGraphics.framework */,
				EDD2760611C2B19E004A9B9B /* Foundation.framework */,
				43E8D4DF0F51B48B003F09B2 /* OpenAL.framework */,
				EDD2760811C2B19E004A9B9B /* OpenGLES.framework */,
				720EBBAD0F82E0BB003F989A /* QuartzCore.framework */,
				EDD2760A11C2B19E004A9B9B /* UIKit.framework */,
			);
			name = Frameworks;
			sourceTree = "<group>";
		};
		3DF31F86148C30F100C66CD7 /* Products */ = {
			isa = PBXGroup;
			children = (
				3DF31F8A148C30F100C66CD7 /* libdoomengine.a */,
			);
			name = Products;
			sourceTree = "<group>";
		};
		C8012E4B14B510BA00B0E213 /* iPhone */ = {
			isa = PBXGroup;
			children = (
				C8012E8614B6722A00B0E213 /* LegalMenuView.xib */,
				C8012E8114B6709C00B0E213 /* SettingsMenuView.xib */,
				C8012E7C14B6704400B0E213 /* ControlsMenuView.xib */,
				C8012E7714B649DA00B0E213 /* CreditsMenuView.xib */,
				D0D75345218E287000EB569E /* MainMenuView.xib */,
				C8012E7214B646BD00B0E213 /* OpenGLView.xib */,
			);
			name = iPhone;
			sourceTree = "<group>";
		};
		C84F820613D73D28006D01AB /* Images */ = {
			isa = PBXGroup;
			children = (
				D094D00F219D32E1001FDB3A /* SliderBackground.png */,
				C8139AB213FADA800094C2C0 /* SliderSkull@2x.png */,
				C87931DE13F610B9003D834F /* AdvancedButton_Highlighted.png */,
				C87931DF13F610B9003D834F /* AdvancedButton.png */,
				C87931E013F610B9003D834F /* Divide.png */,
				C87931E113F610B9003D834F /* LayoutDualButton_Highlighted.png */,
				C87931E213F610B9003D834F /* LayoutDualButton.png */,
				C87931E313F610B9003D834F /* LayoutSingleButton_Highlighted.png */,
				C87931E413F610B9003D834F /* LayoutSingleButton.png */,
				C87931E513F610B9003D834F /* LayoutWheelButton_Highlighted.png */,
				C87931E613F610B9003D834F /* LayoutWheelButton.png */,
				C87931E713F610B9003D834F /* SettingsButton_Highlighted.png */,
				C87931E813F610B9003D834F /* SettingsButton.png */,
				C87931EB13F610B9003D834F /* SliderSkull.png */,
				C8792ED113F5AFE5003D834F /* BackButton_Highlighted.png */,
				C8792ED213F5AFE5003D834F /* Button_Highlighted.png */,
				C8792ED313F5AFE5003D834F /* NextButton_Highlighted.png */,
				C8792ED413F5AFE5003D834F /* NextButton.png */,
				C8792ED613F5AFE5003D834F /* SubMenuButton_Highlighted.png */,
				C8792ED713F5AFE5003D834F /* SubMenuButton.png */,
				C81E104013E1CCA000B1049A /* BackButton.png */,
				C81E104113E1CCA000B1049A /* Button.png */,
				C81E104313E1CCA000B1049A /* Logo.png */,
				C81E104813E1CCA000B1049A /* MenuBackground.png */,
			);
			name = Images;
			sourceTree = "<group>";
		};
		C86CA85E14B4F5CC0057FF54 /* Doom */ = {
			isa = PBXGroup;
			children = (
				138FC9B917F0813400D94C5F /* doom_wads.cpp */,
				138FC9BA17F0813400D94C5F /* doom_wads.h */,
				434669A30F8D08C000EA7D6D /* doom_Prefix.pch */,
				C86CA86214B4FF2B0057FF54 /* Doom_App.h */,
				C86CA86314B4FF2B0057FF54 /* Doom_App.m */,
				29B97316FDCFA39411CA2CEA /* main.m */,
			);
			name = Doom;
			sourceTree = "<group>";
		};
		C86CA86114B4FD230057FF54 /* Menus */ = {
			isa = PBXGroup;
			children = (
				C8012E4B14B510BA00B0E213 /* iPhone */,
				D0C904A2219951DF00FDC81A /* Launch Screen.storyboard */,
			);
			name = Menus;
			sourceTree = "<group>";
		};
		C86CA86514B501620057FF54 /* View Controllers */ = {
			isa = PBXGroup;
			children = (
				C8DB88F814BB5FA40006467C /* About menus */,
				C8DB88F714BB5F940006467C /* Setting menus */,
				C8012E4E14B5122700B0E213 /* MainMenuViewController.h */,
				C8012E4F14B5122700B0E213 /* MainMenuViewController.mm */,
			);
			name = "View Controllers";
			sourceTree = "<group>";
		};
		C86CA86714B502C90057FF54 /* Icons & Defaults */ = {
			isa = PBXGroup;
			children = (
				13E3CC6017F237B80075D40A /* FJ_76.png */,
				13E3CC6117F237B80075D40A /* FJ_120.png */,
				13E3CC6217F237B80075D40A /* FJ_144.png */,
				13E3CC6317F237B80075D40A /* FJ_152.png */,
				C8D1CF8513DF792D00F0EAC6 /* Default@2x.png */,
				C8D1CF6B13DE1F0600F0EAC6 /* FJ_72.png */,
				C8D1CF6913DE1EF500F0EAC6 /* FJ_114.png */,
				C8D1CF6713DE1EB600F0EAC6 /* FJ_57.png */,
			);
			name = "Icons & Defaults";
			sourceTree = "<group>";
		};
		C86F965213D615BB0069B7B6 /* Interface Builder */ = {
			isa = PBXGroup;
			children = (
				C86CA86514B501620057FF54 /* View Controllers */,
				133F3E6E17F21C8700A12635 /* MainNavController.h */,
				133F3E6F17F21C8700A12635 /* MainNavController.m */,
			);
			name = "Interface Builder";
			sourceTree = "<group>";
		};
		C8DB88F714BB5F940006467C /* Setting menus */ = {
			isa = PBXGroup;
			children = (
				C8012E7A14B6704300B0E213 /* ControlsMenuViewController.h */,
				C8012E7B14B6704400B0E213 /* ControlsMenuViewController.mm */,
				C8012E7F14B6709B00B0E213 /* SettingsMenuViewController.h */,
				C8012E8014B6709B00B0E213 /* SettingsMenuViewController.mm */,
			);
			name = "Setting menus";
			sourceTree = "<group>";
		};
		C8DB88F814BB5FA40006467C /* About menus */ = {
			isa = PBXGroup;
			children = (
				C8012E7514B649D900B0E213 /* CreditsMenuViewController.h */,
				C8012E7614B649DA00B0E213 /* CreditsMenuViewController.mm */,
				C8012E8414B6722800B0E213 /* LegalMenuViewController.h */,
				C8012E8514B6722900B0E213 /* LegalMenuViewController.mm */,
			);
			name = "About menus";
			sourceTree = "<group>";
		};
/* End PBXGroup section */

/* Begin PBXNativeTarget section */
		1D6058900D05DD3D006BFB54 /* Final Judgment */ = {
			isa = PBXNativeTarget;
			buildConfigurationList = 1D6058960D05DD3E006BFB54 /* Build configuration list for PBXNativeTarget "Final Judgment" */;
			buildPhases = (
				1D60588D0D05DD3D006BFB54 /* Resources */,
				1D60588E0D05DD3D006BFB54 /* Sources */,
				1D60588F0D05DD3D006BFB54 /* Frameworks */,
				435F41A90F532CA300887552 /* ShellScript */,
			);
			buildRules = (
			);
			dependencies = (
				3DACFC1C148C591500EB17BA /* PBXTargetDependency */,
			);
			name = "Final Judgment";
			productName = Doom;
			productReference = 1D6058910D05DD3D006BFB54 /* Final Judgment.app */;
			productType = "com.apple.product-type.application";
		};
/* End PBXNativeTarget section */

/* Begin PBXProject section */
		29B97313FDCFA39411CA2CEA /* Project object */ = {
			isa = PBXProject;
			attributes = {
				LastUpgradeCheck = 1010;
				TargetAttributes = {
					1D6058900D05DD3D006BFB54 = {
						DevelopmentTeam = 5FY5X3VR3E;
						ProvisioningStyle = Automatic;
						SystemCapabilities = {
							com.apple.GameCenter = {
								enabled = 1;
							};
							com.apple.InAppPurchase = {
								enabled = 0;
							};
						};
					};
				};
			};
			buildConfigurationList = C01FCF4E08A954540054247B /* Build configuration list for PBXProject "Final Judgment" */;
			compatibilityVersion = "Xcode 3.2";
			developmentRegion = English;
			hasScannedForEncodings = 1;
			knownRegions = (
				English,
				Japanese,
				French,
				German,
				fr,
				it,
				de,
				es,
			);
			mainGroup = 29B97314FDCFA39411CA2CEA /* CustomTemplate */;
			projectDirPath = "";
			projectReferences = (
				{
					ProductGroup = 3DF31F86148C30F100C66CD7 /* Products */;
					ProjectRef = 3DF31F85148C30F100C66CD7 /* doomengine.xcodeproj */;
				},
			);
			projectRoot = ../..;
			targets = (
				1D6058900D05DD3D006BFB54 /* Final Judgment */,
			);
		};
/* End PBXProject section */

/* Begin PBXReferenceProxy section */
		3DF31F8A148C30F100C66CD7 /* libdoomengine.a */ = {
			isa = PBXReferenceProxy;
			fileType = archive.ar;
			path = libdoomengine.a;
			remoteRef = 3DF31F89148C30F100C66CD7 /* PBXContainerItemProxy */;
			sourceTree = BUILT_PRODUCTS_DIR;
		};
/* End PBXReferenceProxy section */

/* Begin PBXResourcesBuildPhase section */
		1D60588D0D05DD3D006BFB54 /* Resources */ = {
			isa = PBXResourcesBuildPhase;
			buildActionMask = 2147483647;
			files = (
				138FC9C917F216C300D94C5F /* base.iPack in Resources */,
				138FC9CB17F216C300D94C5F /* prboom.wad in Resources */,
				43CF02FF0F56974E00E4A23D /* Default.png in Resources */,
				4364BF3F0F5CB25900F29317 /* dist.plist in Resources */,
				C8D1CF6813DE1EB600F0EAC6 /* FJ_57.png in Resources */,
				C8D1CF6A13DE1EF500F0EAC6 /* FJ_114.png in Resources */,
				C8D1CF6C13DE1F0600F0EAC6 /* FJ_72.png in Resources */,
				C8D1CF8613DF792D00F0EAC6 /* Default@2x.png in Resources */,
				C81E104C13E1CCA000B1049A /* BackButton.png in Resources */,
				C81E104D13E1CCA000B1049A /* Button.png in Resources */,
				C81E104F13E1CCA000B1049A /* Logo.png in Resources */,
				C81E105413E1CCA000B1049A /* MenuBackground.png in Resources */,
				D0C9049D2199427700FDC81A /* Images.xcassets in Resources */,
				C8792ED813F5AFE5003D834F /* BackButton_Highlighted.png in Resources */,
				13E3CC6617F237B80075D40A /* FJ_144.png in Resources */,
				C8792ED913F5AFE6003D834F /* Button_Highlighted.png in Resources */,
				D094D010219D32E2001FDB3A /* SliderBackground.png in Resources */,
				C8792EDA13F5AFE6003D834F /* NextButton_Highlighted.png in Resources */,
				C8792EDB13F5AFE6003D834F /* NextButton.png in Resources */,
				C8792EDD13F5AFE6003D834F /* SubMenuButton_Highlighted.png in Resources */,
				C8792EDE13F5AFE6003D834F /* SubMenuButton.png in Resources */,
				D0C9049F21994D9F00FDC81A /* GALS.otf in Resources */,
				D0C904A3219951DF00FDC81A /* Launch Screen.storyboard in Resources */,
				13E3CC6517F237B80075D40A /* FJ_120.png in Resources */,
				C87931EC13F610B9003D834F /* AdvancedButton_Highlighted.png in Resources */,
				C87931ED13F610B9003D834F /* AdvancedButton.png in Resources */,
				C87931EE13F610B9003D834F /* Divide.png in Resources */,
				C87931EF13F610B9003D834F /* LayoutDualButton_Highlighted.png in Resources */,
				C87931F013F610B9003D834F /* LayoutDualButton.png in Resources */,
				C87931F113F610B9003D834F /* LayoutSingleButton_Highlighted.png in Resources */,
				C87931F213F610B9003D834F /* LayoutSingleButton.png in Resources */,
				C87931F313F610B9003D834F /* LayoutWheelButton_Highlighted.png in Resources */,
				C87931F413F610B9003D834F /* LayoutWheelButton.png in Resources */,
				C87931F513F610B9003D834F /* SettingsButton_Highlighted.png in Resources */,
				C87931F613F610B9003D834F /* SettingsButton.png in Resources */,
				13E3CC6417F237B80075D40A /* FJ_76.png in Resources */,
				C87931F913F610B9003D834F /* SliderSkull.png in Resources */,
				C8139AB313FADA800094C2C0 /* SliderSkull@2x.png in Resources */,
				D0D75343218E287000EB569E /* MainMenuView.xib in Resources */,
				C8012E7414B646BD00B0E213 /* OpenGLView.xib in Resources */,
				C8012E7914B649DB00B0E213 /* CreditsMenuView.xib in Resources */,
				13E3CC6717F237B80075D40A /* FJ_152.png in Resources */,
				C8012E7E14B6704500B0E213 /* ControlsMenuView.xib in Resources */,
				C8012E8314B6709C00B0E213 /* SettingsMenuView.xib in Resources */,
				C8012E8814B6722B00B0E213 /* LegalMenuView.xib in Resources */,
			);
			runOnlyForDeploymentPostprocessing = 0;
		};
/* End PBXResourcesBuildPhase section */

/* Begin PBXShellScriptBuildPhase section */
		435F41A90F532CA300887552 /* ShellScript */ = {
			isa = PBXShellScriptBuildPhase;
			buildActionMask = 2147483647;
			files = (
			);
			inputPaths = (
			);
			outputPaths = (
			);
			runOnlyForDeploymentPostprocessing = 0;
			shellPath = "/bin/sh -x";
			shellScript = "
";
		};
/* End PBXShellScriptBuildPhase section */

/* Begin PBXSourcesBuildPhase section */
		1D60588E0D05DD3D006BFB54 /* Sources */ = {
			isa = PBXSourcesBuildPhase;
			buildActionMask = 2147483647;
			files = (
				1D60589B0D05DD56006BFB54 /* main.m in Sources */,
				C86CA86414B4FF2B0057FF54 /* Doom_App.m in Sources */,
				C8012E5114B5122700B0E213 /* MainMenuViewController.mm in Sources */,
				C8012E7814B649DB00B0E213 /* CreditsMenuViewController.mm in Sources */,
				133F3E7017F21C8700A12635 /* MainNavController.m in Sources */,
				138FC9BB17F0813400D94C5F /* doom_wads.cpp in Sources */,
				C8012E7D14B6704500B0E213 /* ControlsMenuViewController.mm in Sources */,
				C8012E8214B6709C00B0E213 /* SettingsMenuViewController.mm in Sources */,
				C8012E8714B6722B00B0E213 /* LegalMenuViewController.mm in Sources */,
			);
			runOnlyForDeploymentPostprocessing = 0;
		};
/* End PBXSourcesBuildPhase section */

/* Begin PBXTargetDependency section */
		3DACFC1C148C591500EB17BA /* PBXTargetDependency */ = {
			isa = PBXTargetDependency;
			name = doomengine;
			targetProxy = 3DACFC1B148C591500EB17BA /* PBXContainerItemProxy */;
		};
/* End PBXTargetDependency section */

/* Begin PBXVariantGroup section */
		D0D75345218E287000EB569E /* MainMenuView.xib */ = {
			isa = PBXVariantGroup;
			children = (
				D0D75344218E287000EB569E /* en */,
			);
			name = MainMenuView.xib;
			sourceTree = "<group>";
		};
/* End PBXVariantGroup section */

/* Begin XCBuildConfiguration section */
		1D6058940D05DD3E006BFB54 /* Debug */ = {
			isa = XCBuildConfiguration;
			buildSettings = {
				ALWAYS_SEARCH_USER_PATHS = NO;
				ASSETCATALOG_COMPILER_APPICON_NAME = AppIcon;
				CLANG_ENABLE_OBJC_WEAK = YES;
				CLANG_WARN_STRICT_PROTOTYPES = NO;
				CODE_SIGN_IDENTITY = "iPhone Developer";
				"CODE_SIGN_IDENTITY[sdk=iphoneos*]" = "iPhone Developer";
				CODE_SIGN_STYLE = Automatic;
				COPY_PHASE_STRIP = NO;
				DEVELOPMENT_TEAM = 5FY5X3VR3E;
				GCC_DYNAMIC_NO_PIC = NO;
				GCC_OPTIMIZATION_LEVEL = 0;
				GCC_PRECOMPILE_PREFIX_HEADER = YES;
				GCC_PREFIX_HEADER = doom_Prefix.pch;
				GCC_PREPROCESSOR_DEFINITIONS = (
					_DEBUG,
					HAVE_CONFIG_H,
					IPHONE,
				);
				GCC_THUMB_SUPPORT = NO;
				GCC_TREAT_WARNINGS_AS_ERRORS = NO;
				GCC_WARN_PEDANTIC = NO;
				HEADER_SEARCH_PATHS = "";
				INFOPLIST_FILE = Info.plist;
				IPHONEOS_DEPLOYMENT_TARGET = 9.0;
				ONLY_ACTIVE_ARCH = NO;
				PRODUCT_BUNDLE_IDENTIFIER = com.JadingTsunami.FinalJudgment;
				PRODUCT_NAME = "Final Judgment";
				PROFILE_PREFIX = com.idsoftware;
				PROVISIONING_PROFILE = "";
				"PROVISIONING_PROFILE[sdk=iphoneos*]" = "";
				PROVISIONING_PROFILE_SPECIFIER = "";
				SDKROOT = iphoneos;
				TARGETED_DEVICE_FAMILY = "1,2";
				USER_HEADER_SEARCH_PATHS = "../../../common/ios/doomengine ../../../common ../../../common/idmobilelib";
				VALID_ARCHS = arm64;
			};
			name = Debug;
		};
		1D6058950D05DD3E006BFB54 /* Release */ = {
			isa = XCBuildConfiguration;
			buildSettings = {
				ALWAYS_SEARCH_USER_PATHS = NO;
				ASSETCATALOG_COMPILER_APPICON_NAME = AppIcon;
				CLANG_ENABLE_OBJC_WEAK = YES;
				CLANG_WARN_STRICT_PROTOTYPES = NO;
				CODE_SIGN_IDENTITY = "iPhone Developer";
				"CODE_SIGN_IDENTITY[sdk=iphoneos*]" = "iPhone Developer";
				CODE_SIGN_STYLE = Automatic;
				COPY_PHASE_STRIP = YES;
				DEVELOPMENT_TEAM = 5FY5X3VR3E;
				GCC_PRECOMPILE_PREFIX_HEADER = YES;
				GCC_PREFIX_HEADER = doom_Prefix.pch;
				GCC_PREPROCESSOR_DEFINITIONS = (
					HAVE_CONFIG_H,
					IPHONE,
				);
				GCC_THUMB_SUPPORT = NO;
				GCC_TREAT_WARNINGS_AS_ERRORS = NO;
				GCC_WARN_PEDANTIC = NO;
				HEADER_SEARCH_PATHS = "";
				INFOPLIST_FILE = Info.plist;
				IPHONEOS_DEPLOYMENT_TARGET = 9.0;
				ONLY_ACTIVE_ARCH = NO;
				PRODUCT_BUNDLE_IDENTIFIER = com.JadingTsunami.FinalJudgment;
				PRODUCT_NAME = "Final Judgment";
				PROFILE_PREFIX = com.idsoftware;
				PROVISIONING_PROFILE = "";
				"PROVISIONING_PROFILE[sdk=iphoneos*]" = "";
				PROVISIONING_PROFILE_SPECIFIER = "";
				SDKROOT = iphoneos;
				TARGETED_DEVICE_FAMILY = "1,2";
				USER_HEADER_SEARCH_PATHS = "../../../common/ios/doomengine ../../../common ../../../common/idmobilelib";
				VALID_ARCHS = arm64;
			};
			name = Release;
		};
		4364BF480F5CB27300F29317 /* AdHocDist */ = {
			isa = XCBuildConfiguration;
			buildSettings = {
				CLANG_ANALYZER_LOCALIZABILITY_NONLOCALIZED = YES;
				CLANG_CXX_LANGUAGE_STANDARD = "c++0x";
				CLANG_WARN_BLOCK_CAPTURE_AUTORELEASING = YES;
				CLANG_WARN_COMMA = YES;
				CLANG_WARN_DEPRECATED_OBJC_IMPLEMENTATIONS = YES;
				CLANG_WARN_EMPTY_BODY = YES;
				CLANG_WARN_IMPLICIT_SIGN_CONVERSION = YES;
				CLANG_WARN_INFINITE_RECURSION = YES;
				CLANG_WARN_OBJC_IMPLICIT_ATOMIC_PROPERTIES = YES;
				CLANG_WARN_OBJC_IMPLICIT_RETAIN_SELF = YES;
				CLANG_WARN_RANGE_LOOP_ANALYSIS = YES;
				CLANG_WARN_STRICT_PROTOTYPES = YES;
				CLANG_WARN_SUSPICIOUS_IMPLICIT_CONVERSION = NO;
				CLANG_WARN_SUSPICIOUS_MOVE = YES;
				CLANG_WARN_UNREACHABLE_CODE = YES;
				CLANG_WARN__DUPLICATE_METHOD_MATCH = YES;
				CODE_SIGN_ENTITLEMENTS = dist.plist;
				CODE_SIGN_IDENTITY = "iPhone Distribution";
				"CODE_SIGN_IDENTITY[sdk=iphoneos*]" = "iPhone Distribution";
				ENABLE_STRICT_OBJC_MSGSEND = YES;
				GCC_C_LANGUAGE_STANDARD = c99;
				GCC_NO_COMMON_BLOCKS = YES;
				GCC_PREPROCESSOR_DEFINITIONS = NDEBUG;
				GCC_THUMB_SUPPORT = NO;
				GCC_TREAT_IMPLICIT_FUNCTION_DECLARATIONS_AS_ERRORS = YES;
				GCC_TREAT_INCOMPATIBLE_POINTER_TYPE_WARNINGS_AS_ERRORS = YES;
				GCC_TREAT_WARNINGS_AS_ERRORS = YES;
				GCC_WARN_64_TO_32_BIT_CONVERSION = YES;
				GCC_WARN_ABOUT_MISSING_FIELD_INITIALIZERS = YES;
				GCC_WARN_ABOUT_MISSING_NEWLINE = YES;
				GCC_WARN_ABOUT_MISSING_PROTOTYPES = YES;
				GCC_WARN_ABOUT_RETURN_TYPE = YES;
				GCC_WARN_FOUR_CHARACTER_CONSTANTS = YES;
				GCC_WARN_HIDDEN_VIRTUAL_FUNCTIONS = YES;
				GCC_WARN_INITIALIZER_NOT_FULLY_BRACKETED = YES;
				GCC_WARN_MULTIPLE_DEFINITION_TYPES_FOR_SELECTOR = YES;
				GCC_WARN_NON_VIRTUAL_DESTRUCTOR = YES;
				GCC_WARN_PEDANTIC = YES;
				GCC_WARN_SHADOW = YES;
				GCC_WARN_SIGN_COMPARE = YES;
				GCC_WARN_STRICT_SELECTOR_MATCH = YES;
				GCC_WARN_UNDECLARED_SELECTOR = YES;
				GCC_WARN_UNINITIALIZED_AUTOS = YES;
				GCC_WARN_UNKNOWN_PRAGMAS = YES;
				GCC_WARN_UNUSED_FUNCTION = YES;
				GCC_WARN_UNUSED_LABEL = YES;
				GCC_WARN_UNUSED_PARAMETER = YES;
				GCC_WARN_UNUSED_VARIABLE = YES;
				INFOPLIST_FILE = Info.plist;
				IPHONEOS_DEPLOYMENT_TARGET = 9.0;
				MACOSX_DEPLOYMENT_TARGET = "";
				PRODUCT_NAME = "Final Judgment";
				PROVISIONING_PROFILE = "";
				"PROVISIONING_PROFILE[sdk=iphoneos*]" = "";
				SDKROOT = iphoneos;
				USER_HEADER_SEARCH_PATHS = "../../../common/ios/doomengine ../../../common ../../../../idTechM/idTechM/shared/idmobilelib";
				WARNING_CFLAGS = (
					"-Wall",
					"-Wextra",
					"-pedantic-errors",
				);
			};
			name = AdHocDist;
		};
		4364BF490F5CB27300F29317 /* AdHocDist */ = {
			isa = XCBuildConfiguration;
			buildSettings = {
				ALWAYS_SEARCH_USER_PATHS = NO;
				ASSETCATALOG_COMPILER_APPICON_NAME = AppIcon;
				CLANG_ENABLE_OBJC_WEAK = YES;
				CLANG_WARN_STRICT_PROTOTYPES = NO;
				CODE_SIGN_IDENTITY = "iPhone Developer";
				"CODE_SIGN_IDENTITY[sdk=iphoneos*]" = "iPhone Developer";
				CODE_SIGN_STYLE = Automatic;
				COPY_PHASE_STRIP = YES;
				DEVELOPMENT_TEAM = 5FY5X3VR3E;
				GCC_PRECOMPILE_PREFIX_HEADER = YES;
				GCC_PREFIX_HEADER = doom_Prefix.pch;
				GCC_PREPROCESSOR_DEFINITIONS = (
					HAVE_CONFIG_H,
					IPHONE,
				);
				GCC_THUMB_SUPPORT = NO;
				GCC_TREAT_WARNINGS_AS_ERRORS = NO;
				GCC_WARN_PEDANTIC = NO;
				HEADER_SEARCH_PATHS = "";
				INFOPLIST_FILE = Info.plist;
				IPHONEOS_DEPLOYMENT_TARGET = 9.0;
				ONLY_ACTIVE_ARCH = NO;
				PRODUCT_BUNDLE_IDENTIFIER = com.JadingTsunami.FinalJudgment;
				PRODUCT_NAME = "Final Judgment";
				PROFILE_PREFIX = com.idsoftware;
				PROVISIONING_PROFILE = "";
				"PROVISIONING_PROFILE[sdk=iphoneos*]" = "";
				PROVISIONING_PROFILE_SPECIFIER = "";
				SDKROOT = iphoneos;
				TARGETED_DEVICE_FAMILY = "1,2";
				USER_HEADER_SEARCH_PATHS = "../../../common/ios/doomengine ../../../common ../../../common/idmobilelib";
				VALID_ARCHS = arm64;
			};
			name = AdHocDist;
		};
		C01FCF4F08A954540054247B /* Debug */ = {
			isa = XCBuildConfiguration;
			buildSettings = {
				CLANG_ANALYZER_LOCALIZABILITY_NONLOCALIZED = YES;
				CLANG_CXX_LANGUAGE_STANDARD = "c++0x";
				CLANG_WARN_BLOCK_CAPTURE_AUTORELEASING = YES;
				CLANG_WARN_COMMA = YES;
				CLANG_WARN_DEPRECATED_OBJC_IMPLEMENTATIONS = YES;
				CLANG_WARN_EMPTY_BODY = YES;
				CLANG_WARN_IMPLICIT_SIGN_CONVERSION = YES;
				CLANG_WARN_INFINITE_RECURSION = YES;
				CLANG_WARN_OBJC_IMPLICIT_ATOMIC_PROPERTIES = YES;
				CLANG_WARN_OBJC_IMPLICIT_RETAIN_SELF = YES;
				CLANG_WARN_RANGE_LOOP_ANALYSIS = YES;
				CLANG_WARN_STRICT_PROTOTYPES = YES;
				CLANG_WARN_SUSPICIOUS_IMPLICIT_CONVERSION = NO;
				CLANG_WARN_SUSPICIOUS_MOVE = YES;
				CLANG_WARN_UNREACHABLE_CODE = YES;
				CLANG_WARN__DUPLICATE_METHOD_MATCH = YES;
				CODE_SIGN_IDENTITY = "iPhone Developer";
				"CODE_SIGN_IDENTITY[sdk=iphoneos*]" = "iPhone Developer";
				ENABLE_STRICT_OBJC_MSGSEND = YES;
				ENABLE_TESTABILITY = YES;
				GCC_C_LANGUAGE_STANDARD = c99;
				GCC_NO_COMMON_BLOCKS = YES;
				GCC_PREPROCESSOR_DEFINITIONS = "HAVE_CONFIG_H=1";
				GCC_THUMB_SUPPORT = NO;
				GCC_TREAT_IMPLICIT_FUNCTION_DECLARATIONS_AS_ERRORS = YES;
				GCC_TREAT_INCOMPATIBLE_POINTER_TYPE_WARNINGS_AS_ERRORS = YES;
				GCC_TREAT_WARNINGS_AS_ERRORS = YES;
				GCC_WARN_64_TO_32_BIT_CONVERSION = YES;
				GCC_WARN_ABOUT_MISSING_FIELD_INITIALIZERS = YES;
				GCC_WARN_ABOUT_MISSING_NEWLINE = YES;
				GCC_WARN_ABOUT_MISSING_PROTOTYPES = YES;
				GCC_WARN_ABOUT_RETURN_TYPE = YES;
				GCC_WARN_FOUR_CHARACTER_CONSTANTS = YES;
				GCC_WARN_HIDDEN_VIRTUAL_FUNCTIONS = YES;
				GCC_WARN_INITIALIZER_NOT_FULLY_BRACKETED = YES;
				GCC_WARN_MULTIPLE_DEFINITION_TYPES_FOR_SELECTOR = YES;
				GCC_WARN_NON_VIRTUAL_DESTRUCTOR = YES;
				GCC_WARN_PEDANTIC = YES;
				GCC_WARN_SHADOW = YES;
				GCC_WARN_SIGN_COMPARE = YES;
				GCC_WARN_STRICT_SELECTOR_MATCH = YES;
				GCC_WARN_UNDECLARED_SELECTOR = YES;
				GCC_WARN_UNINITIALIZED_AUTOS = YES;
				GCC_WARN_UNKNOWN_PRAGMAS = YES;
				GCC_WARN_UNUSED_FUNCTION = YES;
				GCC_WARN_UNUSED_LABEL = YES;
				GCC_WARN_UNUSED_PARAMETER = YES;
				GCC_WARN_UNUSED_VARIABLE = YES;
				INFOPLIST_FILE = Info.plist;
				IPHONEOS_DEPLOYMENT_TARGET = 9.0;
				MACOSX_DEPLOYMENT_TARGET = "";
				ONLY_ACTIVE_ARCH = YES;
				PRODUCT_NAME = "Final Judgment";
				PROVISIONING_PROFILE = "";
				"PROVISIONING_PROFILE[sdk=iphoneos*]" = "";
				SDKROOT = iphoneos;
				USER_HEADER_SEARCH_PATHS = "../../../common/ios/doomengine ../../../common ../../../../idTechM/idTechM/shared/idmobilelib";
				WARNING_CFLAGS = (
					"-Wall",
					"-Wextra",
					"-pedantic-errors",
				);
			};
			name = Debug;
		};
		C01FCF5008A954540054247B /* Release */ = {
			isa = XCBuildConfiguration;
			buildSettings = {
				CLANG_ANALYZER_LOCALIZABILITY_NONLOCALIZED = YES;
				CLANG_CXX_LANGUAGE_STANDARD = "c++0x";
				CLANG_WARN_BLOCK_CAPTURE_AUTORELEASING = YES;
				CLANG_WARN_COMMA = YES;
				CLANG_WARN_DEPRECATED_OBJC_IMPLEMENTATIONS = YES;
				CLANG_WARN_EMPTY_BODY = YES;
				CLANG_WARN_IMPLICIT_SIGN_CONVERSION = YES;
				CLANG_WARN_INFINITE_RECURSION = YES;
				CLANG_WARN_OBJC_IMPLICIT_ATOMIC_PROPERTIES = YES;
				CLANG_WARN_OBJC_IMPLICIT_RETAIN_SELF = YES;
				CLANG_WARN_RANGE_LOOP_ANALYSIS = YES;
				CLANG_WARN_STRICT_PROTOTYPES = YES;
				CLANG_WARN_SUSPICIOUS_IMPLICIT_CONVERSION = NO;
				CLANG_WARN_SUSPICIOUS_MOVE = YES;
				CLANG_WARN_UNREACHABLE_CODE = YES;
				CLANG_WARN__DUPLICATE_METHOD_MATCH = YES;
				CODE_SIGN_IDENTITY = "iPhone Developer";
				"CODE_SIGN_IDENTITY[sdk=iphoneos*]" = "iPhone Developer";
				ENABLE_STRICT_OBJC_MSGSEND = YES;
				GCC_C_LANGUAGE_STANDARD = c99;
				GCC_NO_COMMON_BLOCKS = YES;
				GCC_PREPROCESSOR_DEFINITIONS = (
					HAVE_CONFIG_H,
					NDEBUG,
				);
				GCC_THUMB_SUPPORT = NO;
				GCC_TREAT_IMPLICIT_FUNCTION_DECLARATIONS_AS_ERRORS = YES;
				GCC_TREAT_INCOMPATIBLE_POINTER_TYPE_WARNINGS_AS_ERRORS = YES;
				GCC_TREAT_WARNINGS_AS_ERRORS = YES;
				GCC_WARN_64_TO_32_BIT_CONVERSION = YES;
				GCC_WARN_ABOUT_MISSING_FIELD_INITIALIZERS = YES;
				GCC_WARN_ABOUT_MISSING_NEWLINE = YES;
				GCC_WARN_ABOUT_MISSING_PROTOTYPES = YES;
				GCC_WARN_ABOUT_RETURN_TYPE = YES;
				GCC_WARN_FOUR_CHARACTER_CONSTANTS = YES;
				GCC_WARN_HIDDEN_VIRTUAL_FUNCTIONS = YES;
				GCC_WARN_INITIALIZER_NOT_FULLY_BRACKETED = YES;
				GCC_WARN_MULTIPLE_DEFINITION_TYPES_FOR_SELECTOR = YES;
				GCC_WARN_NON_VIRTUAL_DESTRUCTOR = YES;
				GCC_WARN_PEDANTIC = YES;
				GCC_WARN_SHADOW = YES;
				GCC_WARN_SIGN_COMPARE = YES;
				GCC_WARN_STRICT_SELECTOR_MATCH = YES;
				GCC_WARN_UNDECLARED_SELECTOR = YES;
				GCC_WARN_UNINITIALIZED_AUTOS = YES;
				GCC_WARN_UNKNOWN_PRAGMAS = YES;
				GCC_WARN_UNUSED_FUNCTION = YES;
				GCC_WARN_UNUSED_LABEL = YES;
				GCC_WARN_UNUSED_PARAMETER = YES;
				GCC_WARN_UNUSED_VARIABLE = YES;
				INFOPLIST_FILE = Info.plist;
				IPHONEOS_DEPLOYMENT_TARGET = 9.0;
				MACOSX_DEPLOYMENT_TARGET = "";
				PRODUCT_NAME = "Final Judgment";
				PROVISIONING_PROFILE = "";
				"PROVISIONING_PROFILE[sdk=iphoneos*]" = "";
				SDKROOT = iphoneos;
				USER_HEADER_SEARCH_PATHS = "../../../common/ios/doomengine ../../../common ../../../../idTechM/idTechM/shared/idmobilelib";
				WARNING_CFLAGS = (
					"-Wall",
					"-Wextra",
					"-pedantic-errors",
				);
			};
			name = Release;
		};
		ED06595B1087C51800E5450B /* Distribution */ = {
			isa = XCBuildConfiguration;
			buildSettings = {
				CLANG_ANALYZER_LOCALIZABILITY_NONLOCALIZED = YES;
				CLANG_CXX_LANGUAGE_STANDARD = "c++0x";
				CLANG_WARN_BLOCK_CAPTURE_AUTORELEASING = YES;
				CLANG_WARN_COMMA = YES;
				CLANG_WARN_DEPRECATED_OBJC_IMPLEMENTATIONS = YES;
				CLANG_WARN_EMPTY_BODY = YES;
				CLANG_WARN_IMPLICIT_SIGN_CONVERSION = YES;
				CLANG_WARN_INFINITE_RECURSION = YES;
				CLANG_WARN_OBJC_IMPLICIT_ATOMIC_PROPERTIES = YES;
				CLANG_WARN_OBJC_IMPLICIT_RETAIN_SELF = YES;
				CLANG_WARN_RANGE_LOOP_ANALYSIS = YES;
				CLANG_WARN_STRICT_PROTOTYPES = YES;
				CLANG_WARN_SUSPICIOUS_IMPLICIT_CONVERSION = NO;
				CLANG_WARN_SUSPICIOUS_MOVE = YES;
				CLANG_WARN_UNREACHABLE_CODE = YES;
				CLANG_WARN__DUPLICATE_METHOD_MATCH = YES;
				CODE_SIGN_IDENTITY = "iPhone Distribution: id Software";
				"CODE_SIGN_IDENTITY[sdk=iphoneos*]" = "iPhone Distribution: id Software";
				ENABLE_STRICT_OBJC_MSGSEND = YES;
				GCC_C_LANGUAGE_STANDARD = c99;
				GCC_NO_COMMON_BLOCKS = YES;
				GCC_PREPROCESSOR_DEFINITIONS = (
					HAVE_CONFIG_H,
					NDEBUG,
				);
				GCC_THUMB_SUPPORT = NO;
				GCC_TREAT_IMPLICIT_FUNCTION_DECLARATIONS_AS_ERRORS = YES;
				GCC_TREAT_INCOMPATIBLE_POINTER_TYPE_WARNINGS_AS_ERRORS = YES;
				GCC_TREAT_WARNINGS_AS_ERRORS = YES;
				GCC_WARN_64_TO_32_BIT_CONVERSION = YES;
				GCC_WARN_ABOUT_MISSING_FIELD_INITIALIZERS = YES;
				GCC_WARN_ABOUT_MISSING_NEWLINE = YES;
				GCC_WARN_ABOUT_MISSING_PROTOTYPES = YES;
				GCC_WARN_ABOUT_RETURN_TYPE = YES;
				GCC_WARN_FOUR_CHARACTER_CONSTANTS = YES;
				GCC_WARN_HIDDEN_VIRTUAL_FUNCTIONS = YES;
				GCC_WARN_INITIALIZER_NOT_FULLY_BRACKETED = YES;
				GCC_WARN_MULTIPLE_DEFINITION_TYPES_FOR_SELECTOR = YES;
				GCC_WARN_NON_VIRTUAL_DESTRUCTOR = YES;
				GCC_WARN_PEDANTIC = YES;
				GCC_WARN_SHADOW = YES;
				GCC_WARN_SIGN_COMPARE = YES;
				GCC_WARN_STRICT_SELECTOR_MATCH = YES;
				GCC_WARN_UNDECLARED_SELECTOR = YES;
				GCC_WARN_UNINITIALIZED_AUTOS = YES;
				GCC_WARN_UNKNOWN_PRAGMAS = YES;
				GCC_WARN_UNUSED_FUNCTION = YES;
				GCC_WARN_UNUSED_LABEL = YES;
				GCC_WARN_UNUSED_PARAMETER = YES;
				GCC_WARN_UNUSED_VARIABLE = YES;
				INFOPLIST_FILE = Info.plist;
				IPHONEOS_DEPLOYMENT_TARGET = 9.0;
				MACOSX_DEPLOYMENT_TARGET = "";
				PRODUCT_NAME = "Final Judgment";
				PROVISIONING_PROFILE = "31C73095-0DD9-4ABA-BB25-8D23F661F10F";
				"PROVISIONING_PROFILE[sdk=iphoneos*]" = "31C73095-0DD9-4ABA-BB25-8D23F661F10F";
				SDKROOT = iphoneos;
				USER_HEADER_SEARCH_PATHS = "../../../common/ios/doomengine ../../../common ../../../../idTechM/idTechM/shared/idmobilelib";
				WARNING_CFLAGS = (
					"-Wall",
					"-Wextra",
					"-pedantic-errors",
				);
			};
			name = Distribution;
		};
		ED06595C1087C51800E5450B /* Distribution */ = {
			isa = XCBuildConfiguration;
			buildSettings = {
				ALWAYS_SEARCH_USER_PATHS = NO;
				ASSETCATALOG_COMPILER_APPICON_NAME = AppIcon;
				CLANG_ENABLE_OBJC_WEAK = YES;
				CLANG_WARN_STRICT_PROTOTYPES = NO;
				CODE_SIGN_IDENTITY = "iPhone Developer";
				"CODE_SIGN_IDENTITY[sdk=iphoneos*]" = "iPhone Developer";
				CODE_SIGN_STYLE = Automatic;
				COPY_PHASE_STRIP = YES;
				DEVELOPMENT_TEAM = 5FY5X3VR3E;
				GCC_PRECOMPILE_PREFIX_HEADER = YES;
				GCC_PREFIX_HEADER = doom_Prefix.pch;
				GCC_PREPROCESSOR_DEFINITIONS = (
					HAVE_CONFIG_H,
					IPHONE,
				);
				GCC_THUMB_SUPPORT = NO;
				GCC_TREAT_WARNINGS_AS_ERRORS = NO;
				GCC_WARN_PEDANTIC = NO;
				HEADER_SEARCH_PATHS = "";
				INFOPLIST_FILE = Info.plist;
				IPHONEOS_DEPLOYMENT_TARGET = 9.0;
				ONLY_ACTIVE_ARCH = NO;
				PRODUCT_BUNDLE_IDENTIFIER = com.JadingTsunami.FinalJudgment;
				PRODUCT_NAME = "Final Judgment";
				PROFILE_PREFIX = com.idsoftware;
				PROVISIONING_PROFILE = "";
				"PROVISIONING_PROFILE[sdk=iphoneos*]" = "CF005E47-190F-43B8-B89D-59AD4EF04B31";
				PROVISIONING_PROFILE_SPECIFIER = "";
				SDKROOT = iphoneos;
				TARGETED_DEVICE_FAMILY = "1,2";
				USER_HEADER_SEARCH_PATHS = "../../../common/ios/doomengine ../../../common ../../../common/idmobilelib";
				VALID_ARCHS = arm64;
			};
			name = Distribution;
		};
/* End XCBuildConfiguration section */

/* Begin XCConfigurationList section */
		1D6058960D05DD3E006BFB54 /* Build configuration list for PBXNativeTarget "Final Judgment" */ = {
			isa = XCConfigurationList;
			buildConfigurations = (
				1D6058940D05DD3E006BFB54 /* Debug */,
				1D6058950D05DD3E006BFB54 /* Release */,
				4364BF490F5CB27300F29317 /* AdHocDist */,
				ED06595C1087C51800E5450B /* Distribution */,
			);
			defaultConfigurationIsVisible = 0;
			defaultConfigurationName = Release;
		};
		C01FCF4E08A954540054247B /* Build configuration list for PBXProject "Final Judgment" */ = {
			isa = XCConfigurationList;
			buildConfigurations = (
				C01FCF4F08A954540054247B /* Debug */,
				C01FCF5008A954540054247B /* Release */,
				4364BF480F5CB27300F29317 /* AdHocDist */,
				ED06595B1087C51800E5450B /* Distribution */,
			);
			defaultConfigurationIsVisible = 0;
			defaultConfigurationName = Release;
		};
/* End XCConfigurationList section */
	};
	rootObject = 29B97313FDCFA39411CA2CEA /* Project object */;
}
